// !$*UTF8*$!
{
	archiveVersion = 1;
	classes = {
	};
	objectVersion = 50;
	objects = {

/* Begin PBXBuildFile section */
		CE08F4D6265257100062C5ED /* AppDelegate.swift in Sources */ = {isa = PBXBuildFile; fileRef = CE08F4D5265257100062C5ED /* AppDelegate.swift */; };
		CE08F4D8265257100062C5ED /* ViewController.swift in Sources */ = {isa = PBXBuildFile; fileRef = CE08F4D7265257100062C5ED /* ViewController.swift */; };
		CE08F4DB265257100062C5ED /* Main.storyboard in Resources */ = {isa = PBXBuildFile; fileRef = CE08F4D9265257100062C5ED /* Main.storyboard */; };
		CE08F4DD265257120062C5ED /* Assets.xcassets in Resources */ = {isa = PBXBuildFile; fileRef = CE08F4DC265257120062C5ED /* Assets.xcassets */; };
		CE08F4E0265257120062C5ED /* LaunchScreen.storyboard in Resources */ = {isa = PBXBuildFile; fileRef = CE08F4DE265257120062C5ED /* LaunchScreen.storyboard */; };
		CE08F4E926526D700062C5ED /* excmoney.swift in Sources */ = {isa = PBXBuildFile; fileRef = CE08F4E826526D700062C5ED /* excmoney.swift */; };
		CE08F4EB265296290062C5ED /* MenuViewController.swift in Sources */ = {isa = PBXBuildFile; fileRef = CE08F4EA265296290062C5ED /* MenuViewController.swift */; };
		CE9FCC792652C86F00BE3F95 /* ColumnFlowLayout.swift in Sources */ = {isa = PBXBuildFile; fileRef = CE9FCC782652C86F00BE3F95 /* ColumnFlowLayout.swift */; };
		CED3BA0B2652A806004C2A32 /* AqiCollectionViewCell.swift in Sources */ = {isa = PBXBuildFile; fileRef = CED3BA0A2652A806004C2A32 /* AqiCollectionViewCell.swift */; };
/* End PBXBuildFile section */

/* Begin PBXFileReference section */
		CE08F4D2265257100062C5ED /* cMoenyEx1.app */ = {isa = PBXFileReference; explicitFileType = wrapper.application; includeInIndex = 0; path = cMoenyEx1.app; sourceTree = BUILT_PRODUCTS_DIR; };
		CE08F4D5265257100062C5ED /* AppDelegate.swift */ = {isa = PBXFileReference; lastKnownFileType = sourcecode.swift; path = AppDelegate.swift; sourceTree = "<group>"; };
		CE08F4D7265257100062C5ED /* ViewController.swift */ = {isa = PBXFileReference; lastKnownFileType = sourcecode.swift; path = ViewController.swift; sourceTree = "<group>"; };
		CE08F4DA265257100062C5ED /* Base */ = {isa = PBXFileReference; lastKnownFileType = file.storyboard; name = Base; path = Base.lproj/Main.storyboard; sourceTree = "<group>"; };
		CE08F4DC265257120062C5ED /* Assets.xcassets */ = {isa = PBXFileReference; lastKnownFileType = folder.assetcatalog; path = Assets.xcassets; sourceTree = "<group>"; };
		CE08F4DF265257120062C5ED /* Base */ = {isa = PBXFileReference; lastKnownFileType = file.storyboard; name = Base; path = Base.lproj/LaunchScreen.storyboard; sourceTree = "<group>"; };
		CE08F4E1265257120062C5ED /* Info.plist */ = {isa = PBXFileReference; lastKnownFileType = text.plist.xml; path = Info.plist; sourceTree = "<group>"; };
		CE08F4E826526D700062C5ED /* excmoney.swift */ = {isa = PBXFileReference; fileEncoding = 4; lastKnownFileType = sourcecode.swift; path = excmoney.swift; sourceTree = "<group>"; };
		CE08F4EA265296290062C5ED /* MenuViewController.swift */ = {isa = PBXFileReference; lastKnownFileType = sourcecode.swift; path = MenuViewController.swift; sourceTree = "<group>"; };
		CE9FCC782652C86F00BE3F95 /* ColumnFlowLayout.swift */ = {isa = PBXFileReference; lastKnownFileType = sourcecode.swift; path = ColumnFlowLayout.swift; sourceTree = "<group>"; };
		CED3BA0A2652A806004C2A32 /* AqiCollectionViewCell.swift */ = {isa = PBXFileReference; lastKnownFileType = sourcecode.swift; path = AqiCollectionViewCell.swift; sourceTree = "<group>"; };
/* End PBXFileReference section */

/* Begin PBXFrameworksBuildPhase section */
		CE08F4CF265257100062C5ED /* Frameworks */ = {
			isa = PBXFrameworksBuildPhase;
			buildActionMask = 2147483647;
			files = (
			);
			runOnlyForDeploymentPostprocessing = 0;
		};
/* End PBXFrameworksBuildPhase section */

/* Begin PBXGroup section */
		CE08F4C9265257100062C5ED = {
			isa = PBXGroup;
			children = (
				CE08F4D4265257100062C5ED /* cMoenyEx1 */,
				CE08F4D3265257100062C5ED /* Products */,
			);
			sourceTree = "<group>";
		};
		CE08F4D3265257100062C5ED /* Products */ = {
			isa = PBXGroup;
			children = (
				CE08F4D2265257100062C5ED /* cMoenyEx1.app */,
			);
			name = Products;
			sourceTree = "<group>";
		};
		CE08F4D4265257100062C5ED /* cMoenyEx1 */ = {
			isa = PBXGroup;
			children = (
				CE08F4E726526C3D0062C5ED /* Model */,
				CE08F4D5265257100062C5ED /* AppDelegate.swift */,
				CE08F4D7265257100062C5ED /* ViewController.swift */,
				CE08F4EA265296290062C5ED /* MenuViewController.swift */,
				CE08F4D9265257100062C5ED /* Main.storyboard */,
				CE08F4DC265257120062C5ED /* Assets.xcassets */,
				CE08F4DE265257120062C5ED /* LaunchScreen.storyboard */,
				CE08F4E1265257120062C5ED /* Info.plist */,
				CED3BA0A2652A806004C2A32 /* AqiCollectionViewCell.swift */,
				CE9FCC782652C86F00BE3F95 /* ColumnFlowLayout.swift */,
			);
			path = cMoenyEx1;
			sourceTree = "<group>";
		};
		CE08F4E726526C3D0062C5ED /* Model */ = {
			isa = PBXGroup;
			children = (
				CE08F4E826526D700062C5ED /* excmoney.swift */,
			);
			path = Model;
			sourceTree = "<group>";
		};
/* End PBXGroup section */

/* Begin PBXNativeTarget section */
		CE08F4D1265257100062C5ED /* cMoenyEx1 */ = {
			isa = PBXNativeTarget;
			buildConfigurationList = CE08F4E4265257120062C5ED /* Build configuration list for PBXNativeTarget "cMoenyEx1" */;
			buildPhases = (
				CE08F4CE265257100062C5ED /* Sources */,
				CE08F4CF265257100062C5ED /* Frameworks */,
				CE08F4D0265257100062C5ED /* Resources */,
			);
			buildRules = (
			);
			dependencies = (
			);
			name = cMoenyEx1;
			productName = cMoenyEx1;
			productReference = CE08F4D2265257100062C5ED /* cMoenyEx1.app */;
			productType = "com.apple.product-type.application";
		};
/* End PBXNativeTarget section */

/* Begin PBXProject section */
		CE08F4CA265257100062C5ED /* Project object */ = {
			isa = PBXProject;
			attributes = {
				LastSwiftUpdateCheck = 1010;
				LastUpgradeCheck = 1010;
				ORGANIZATIONNAME = Alex;
				TargetAttributes = {
					CE08F4D1265257100062C5ED = {
						CreatedOnToolsVersion = 10.1;
					};
				};
			};
			buildConfigurationList = CE08F4CD265257100062C5ED /* Build configuration list for PBXProject "cMoenyEx1" */;
			compatibilityVersion = "Xcode 9.3";
			developmentRegion = en;
			hasScannedForEncodings = 0;
			knownRegions = (
				en,
				Base,
			);
			mainGroup = CE08F4C9265257100062C5ED;
			productRefGroup = CE08F4D3265257100062C5ED /* Products */;
			projectDirPath = "";
			projectRoot = "";
			targets = (
				CE08F4D1265257100062C5ED /* cMoenyEx1 */,
			);
		};
/* End PBXProject section */

/* Begin PBXResourcesBuildPhase section */
		CE08F4D0265257100062C5ED /* Resources */ = {
			isa = PBXResourcesBuildPhase;
			buildActionMask = 2147483647;
			files = (
				CE08F4E0265257120062C5ED /* LaunchScreen.storyboard in Resources */,
				CE08F4DD265257120062C5ED /* Assets.xcassets in Resources */,
				CE08F4DB265257100062C5ED /* Main.storyboard in Resources */,
			);
			runOnlyForDeploymentPostprocessing = 0;
		};
/* End PBXResourcesBuildPhase section */

/* Begin PBXSourcesBuildPhase section */
		CE08F4CE265257100062C5ED /* Sources */ = {
			isa = PBXSourcesBuildPhase;
			buildActionMask = 2147483647;
			files = (
				CE08F4D8265257100062C5ED /* ViewController.swift in Sources */,
				CE9FCC792652C86F00BE3F95 /* ColumnFlowLayout.swift in Sources */,
				CED3BA0B2652A806004C2A32 /* AqiCollectionViewCell.swift in Sources */,
				CE08F4E926526D700062C5ED /* excmoney.swift in Sources */,
				CE08F4D6265257100062C5ED /* AppDelegate.swift in Sources */,
				CE08F4EB265296290062C5ED /* MenuViewController.swift in Sources */,
			);
			runOnlyForDeploymentPostprocessing = 0;
		};
/* End PBXSourcesBuildPhase section */

/* Begin PBXVariantGroup section */
		CE08F4D9265257100062C5ED /* Main.storyboard */ = {
			isa = PBXVariantGroup;
			children = (
				CE08F4DA265257100062C5ED /* Base */,
			);
			name = Main.storyboard;
			sourceTree = "<group>";
		};
		CE08F4DE265257120062C5ED /* LaunchScreen.storyboard */ = {
			isa = PBXVariantGroup;
			children = (
				CE08F4DF265257120062C5ED /* Base */,
			);
			name = LaunchScreen.storyboard;
			sourceTree = "<group>";
		};
/* End PBXVariantGroup section */

/* Begin XCBuildConfiguration section */
		CE08F4E2265257120062C5ED /* Debug */ = {
			isa = XCBuildConfiguration;
			buildSettings = {
				ALWAYS_SEARCH_USER_PATHS = NO;
				CLANG_ANALYZER_NONNULL = YES;
				CLANG_ANALYZER_NUMBER_OBJECT_CONVERSION = YES_AGGRESSIVE;
				CLANG_CXX_LANGUAGE_STANDARD = "gnu++14";
				CLANG_CXX_LIBRARY = "libc++";
				CLANG_ENABLE_MODULES = YES;
				CLANG_ENABLE_OBJC_ARC = YES;
				CLANG_ENABLE_OBJC_WEAK = YES;
				CLANG_WARN_BLOCK_CAPTURE_AUTORELEASING = YES;
				CLANG_WARN_BOOL_CONVERSION = YES;
				CLANG_WARN_COMMA = YES;
				CLANG_WARN_CONSTANT_CONVERSION = YES;
				CLANG_WARN_DEPRECATED_OBJC_IMPLEMENTATIONS = YES;
				CLANG_WARN_DIRECT_OBJC_ISA_USAGE = YES_ERROR;
				CLANG_WARN_DOCUMENTATION_COMMENTS = YES;
				CLANG_WARN_EMPTY_BODY = YES;
				CLANG_WARN_ENUM_CONVERSION = YES;
				CLANG_WARN_INFINITE_RECURSION = YES;
				CLANG_WARN_INT_CONVERSION = YES;
				CLANG_WARN_NON_LITERAL_NULL_CONVERSION = YES;
				CLANG_WARN_OBJC_IMPLICIT_RETAIN_SELF = YES;
				CLANG_WARN_OBJC_LITERAL_CONVERSION = YES;
				CLANG_WARN_OBJC_ROOT_CLASS = YES_ERROR;
				CLANG_WARN_RANGE_LOOP_ANALYSIS = YES;
				CLANG_WARN_STRICT_PROTOTYPES = YES;
				CLANG_WARN_SUSPICIOUS_MOVE = YES;
				CLANG_WARN_UNGUARDED_AVAILABILITY = YES_AGGRESSIVE;
				CLANG_WARN_UNREACHABLE_CODE = YES;
				CLANG_WARN__DUPLICATE_METHOD_MATCH = YES;
				CODE_SIGN_IDENTITY = "iPhone Developer";
				COPY_PHASE_STRIP = NO;
				DEBUG_INFORMATION_FORMAT = dwarf;
				ENABLE_STRICT_OBJC_MSGSEND = YES;
				ENABLE_TESTABILITY = YES;
				GCC_C_LANGUAGE_STANDARD = gnu11;
				GCC_DYNAMIC_NO_PIC = NO;
				GCC_NO_COMMON_BLOCKS = YES;
				GCC_OPTIMIZATION_LEVEL = 0;
				GCC_PREPROCESSOR_DEFINITIONS = (
					"DEBUG=1",
					"$(inherited)",
				);
				GCC_WARN_64_TO_32_BIT_CONVERSION = YES;
				GCC_WARN_ABOUT_RETURN_TYPE = YES_ERROR;
				GCC_WARN_UNDECLARED_SELECTOR = YES;
				GCC_WARN_UNINITIALIZED_AUTOS = YES_AGGRESSIVE;
				GCC_WARN_UNUSED_FUNCTION = YES;
				GCC_WARN_UNUSED_VARIABLE = YES;
				IPHONEOS_DEPLOYMENT_TARGET = 12.1;
				MTL_ENABLE_DEBUG_INFO = INCLUDE_SOURCE;
				MTL_FAST_MATH = YES;
				ONLY_ACTIVE_ARCH = YES;
				SDKROOT = iphoneos;
				SWIFT_ACTIVE_COMPILATION_CONDITIONS = DEBUG;
				SWIFT_OPTIMIZATION_LEVEL = "-Onone";
			};
			name = Debug;
		};
		CE08F4E3265257120062C5ED /* Release */ = {
			isa = XCBuildConfiguration;
			buildSettings = {
				ALWAYS_SEARCH_USER_PATHS = NO;
				CLANG_ANALYZER_NONNULL = YES;
				CLANG_ANALYZER_NUMBER_OBJECT_CONVERSION = YES_AGGRESSIVE;
				CLANG_CXX_LANGUAGE_STANDARD = "gnu++14";
				CLANG_CXX_LIBRARY = "libc++";
				CLANG_ENABLE_MODULES = YES;
				CLANG_ENABLE_OBJC_ARC = YES;
				CLANG_ENABLE_OBJC_WEAK = YES;
				CLANG_WARN_BLOCK_CAPTURE_AUTORELEASING = YES;
				CLANG_WARN_BOOL_CONVERSION = YES;
				CLANG_WARN_COMMA = YES;
				CLANG_WARN_CONSTANT_CONVERSION = YES;
				CLANG_WARN_DEPRECATED_OBJC_IMPLEMENTATIONS = YES;
				CLANG_WARN_DIRECT_OBJC_ISA_USAGE = YES_ERROR;
				CLANG_WARN_DOCUMENTATION_COMMENTS = YES;
				CLANG_WARN_EMPTY_BODY = YES;
				CLANG_WARN_ENUM_CONVERSION = YES;
				CLANG_WARN_INFINITE_RECURSION = YES;
				CLANG_WARN_INT_CONVERSION = YES;
				CLANG_WARN_NON_LITERAL_NULL_CONVERSION = YES;
				CLANG_WARN_OBJC_IMPLICIT_RETAIN_SELF = YES;
				CLANG_WARN_OBJC_LITERAL_CONVERSION = YES;
				CLANG_WARN_OBJC_ROOT_CLASS = YES_ERROR;
				CLANG_WARN_RANGE_LOOP_ANALYSIS = YES;
				CLANG_WARN_STRICT_PROTOTYPES = YES;
				CLANG_WARN_SUSPICIOUS_MOVE = YES;
				CLANG_WARN_UNGUARDED_AVAILABILITY = YES_AGGRESSIVE;
				CLANG_WARN_UNREACHABLE_CODE = YES;
				CLANG_WARN__DUPLICATE_METHOD_MATCH = YES;
				CODE_SIGN_IDENTITY = "iPhone Developer";
				COPY_PHASE_STRIP = NO;
				DEBUG_INFORMATION_FORMAT = "dwarf-with-dsym";
				ENABLE_NS_ASSERTIONS = NO;
				ENABLE_STRICT_OBJC_MSGSEND = YES;
				GCC_C_LANGUAGE_STANDARD = gnu11;
				GCC_NO_COMMON_BLOCKS = YES;
				GCC_WARN_64_TO_32_BIT_CONVERSION = YES;
				GCC_WARN_ABOUT_RETURN_TYPE = YES_ERROR;
				GCC_WARN_UNDECLARED_SELECTOR = YES;
				GCC_WARN_UNINITIALIZED_AUTOS = YES_AGGRESSIVE;
				GCC_WARN_UNUSED_FUNCTION = YES;
				GCC_WARN_UNUSED_VARIABLE = YES;
				IPHONEOS_DEPLOYMENT_TARGET = 12.1;
				MTL_ENABLE_DEBUG_INFO = NO;
				MTL_FAST_MATH = YES;
				SDKROOT = iphoneos;
				SWIFT_COMPILATION_MODE = wholemodule;
				SWIFT_OPTIMIZATION_LEVEL = "-O";
				VALIDATE_PRODUCT = YES;
			};
			name = Release;
		};
		CE08F4E5265257120062C5ED /* Debug */ = {
			isa = XCBuildConfiguration;
			buildSettings = {
				ASSETCATALOG_COMPILER_APPICON_NAME = AppIcon;
				CODE_SIGN_STYLE = Automatic;
				DEVELOPMENT_TEAM = YT6YT5Z5FB;
				INFOPLIST_FILE = cMoenyEx1/Info.plist;
				LD_RUNPATH_SEARCH_PATHS = (
					"$(inherited)",
					"@executable_path/Frameworks",
				);
				PRODUCT_BUNDLE_IDENTIFIER = com.my.cMoenyEx1;
				PRODUCT_NAME = "$(TARGET_NAME)";
				SWIFT_VERSION = 4.2;
				TARGETED_DEVICE_FAMILY = "1,2";
			};
			name = Debug;
		};
		CE08F4E6265257120062C5ED /* Release */ = {
			isa = XCBuildConfiguration;
			buildSettings = {
				ASSETCATALOG_COMPILER_APPICON_NAME = AppIcon;
				CODE_SIGN_STYLE = Automatic;
				DEVELOPMENT_TEAM = YT6YT5Z5FB;
				INFOPLIST_FILE = cMoenyEx1/Info.plist;
				LD_RUNPATH_SEARCH_PATHS = (
					"$(inherited)",
					"@executable_path/Frameworks",
				);
				PRODUCT_BUNDLE_IDENTIFIER = com.my.cMoenyEx1;
				PRODUCT_NAME = "$(TARGET_NAME)";
				SWIFT_VERSION = 4.2;
				TARGETED_DEVICE_FAMILY = "1,2";
			};
			name = Release;
		};
/* End XCBuildConfiguration section */

/* Begin XCConfigurationList section */
		CE08F4CD265257100062C5ED /* Build configuration list for PBXProject "cMoenyEx1" */ = {
			isa = XCConfigurationList;
			buildConfigurations = (
				CE08F4E2265257120062C5ED /* Debug */,
				CE08F4E3265257120062C5ED /* Release */,
			);
			defaultConfigurationIsVisible = 0;
			defaultConfigurationName = Release;
		};
		CE08F4E4265257120062C5ED /* Build configuration list for PBXNativeTarget "cMoenyEx1" */ = {
			isa = XCConfigurationList;
			buildConfigurations = (
				CE08F4E5265257120062C5ED /* Debug */,
				CE08F4E6265257120062C5ED /* Release */,
			);
			defaultConfigurationIsVisible = 0;
			defaultConfigurationName = Release;
		};
/* End XCConfigurationList section */
	};
	rootObject = CE08F4CA265257100062C5ED /* Project object */;
}
